// !$*UTF8*$!
{
	archiveVersion = 1;
	classes = {
	};
	objectVersion = 56;
	objects = {

/* Begin PBXBuildFile section */
		635748862C397F7200CA304F /* AppDelegate.swift in Sources */ = {isa = PBXBuildFile; fileRef = 635748852C397F7200CA304F /* AppDelegate.swift */; };
		635748882C397F7200CA304F /* SceneDelegate.swift in Sources */ = {isa = PBXBuildFile; fileRef = 635748872C397F7200CA304F /* SceneDelegate.swift */; };
		6357488A2C397F7200CA304F /* ViewController.swift in Sources */ = {isa = PBXBuildFile; fileRef = 635748892C397F7200CA304F /* ViewController.swift */; };
		635748902C397F7200CA304F /* StudySwiftDemo.xcdatamodeld in Sources */ = {isa = PBXBuildFile; fileRef = 6357488E2C397F7200CA304F /* StudySwiftDemo.xcdatamodeld */; };
		635748922C397F7200CA304F /* Assets.xcassets in Resources */ = {isa = PBXBuildFile; fileRef = 635748912C397F7200CA304F /* Assets.xcassets */; };
		635748A32C397F7200CA304F /* LoginViewController.swift in Sources */ = {isa = PBXBuildFile; fileRef = 635748A12C397F7200CA304F /* LoginViewController.swift */; };
		635748A42C397F7200CA304F /* LoginViewController.xib in Resources */ = {isa = PBXBuildFile; fileRef = 635748A22C397F7200CA304F /* LoginViewController.xib */; };
		63AD89E22C4288F4005E9CF9 /* SnapKit.framework in Frameworks */ = {isa = PBXBuildFile; fileRef = 63AD89DE2C4288D5005E9CF9 /* SnapKit.framework */; };
/* End PBXBuildFile section */

/* Begin PBXContainerItemProxy section */
		63AD89DD2C4288D5005E9CF9 /* PBXContainerItemProxy */ = {
			isa = PBXContainerItemProxy;
			containerPortal = 63AD89D82C4288D5005E9CF9 /* SnapKit.xcodeproj */;
			proxyType = 2;
			remoteGlobalIDString = EEBCC9D819CC627D0083B827;
			remoteInfo = SnapKit;
		};
		63AD89DF2C4288D5005E9CF9 /* PBXContainerItemProxy */ = {
			isa = PBXContainerItemProxy;
			containerPortal = 63AD89D82C4288D5005E9CF9 /* SnapKit.xcodeproj */;
			proxyType = 2;
			remoteGlobalIDString = EEBCC9E219CC627E0083B827;
			remoteInfo = "SnapKit Tests";
		};
/* End PBXContainerItemProxy section */

/* Begin PBXFileReference section */
		635748822C397F7200CA304F /* StudySwiftDemo.app */ = {isa = PBXFileReference; explicitFileType = wrapper.application; includeInIndex = 0; path = StudySwiftDemo.app; sourceTree = BUILT_PRODUCTS_DIR; };
		635748852C397F7200CA304F /* AppDelegate.swift */ = {isa = PBXFileReference; lastKnownFileType = sourcecode.swift; path = AppDelegate.swift; sourceTree = "<group>"; };
		635748872C397F7200CA304F /* SceneDelegate.swift */ = {isa = PBXFileReference; lastKnownFileType = sourcecode.swift; path = SceneDelegate.swift; sourceTree = "<group>"; };
		635748892C397F7200CA304F /* ViewController.swift */ = {isa = PBXFileReference; lastKnownFileType = sourcecode.swift; path = ViewController.swift; sourceTree = "<group>"; };
		6357488F2C397F7200CA304F /* StudySwiftDemo.xcdatamodel */ = {isa = PBXFileReference; lastKnownFileType = wrapper.xcdatamodel; path = StudySwiftDemo.xcdatamodel; sourceTree = "<group>"; };
		635748912C397F7200CA304F /* Assets.xcassets */ = {isa = PBXFileReference; lastKnownFileType = folder.assetcatalog; path = Assets.xcassets; sourceTree = "<group>"; };
		635748962C397F7200CA304F /* Info.plist */ = {isa = PBXFileReference; lastKnownFileType = text.plist.xml; path = Info.plist; sourceTree = "<group>"; };
		635748A12C397F7200CA304F /* LoginViewController.swift */ = {isa = PBXFileReference; lastKnownFileType = sourcecode.swift; path = LoginViewController.swift; sourceTree = "<group>"; };
		635748A22C397F7200CA304F /* LoginViewController.xib */ = {isa = PBXFileReference; lastKnownFileType = file.xib; path = LoginViewController.xib; sourceTree = "<group>"; };
		63AD89D82C4288D5005E9CF9 /* SnapKit.xcodeproj */ = {isa = PBXFileReference; lastKnownFileType = "wrapper.pb-project"; name = SnapKit.xcodeproj; path = "../../../../Downloads/SnapKit-develop-2/SnapKit.xcodeproj"; sourceTree = "<group>"; };
/* End PBXFileReference section */

/* Begin PBXFrameworksBuildPhase section */
		6357487F2C397F7200CA304F /* Frameworks */ = {
			isa = PBXFrameworksBuildPhase;
			buildActionMask = 2147483647;
			files = (
				63AD89E22C4288F4005E9CF9 /* SnapKit.framework in Frameworks */,
			);
			runOnlyForDeploymentPostprocessing = 0;
		};
/* End PBXFrameworksBuildPhase section */

/* Begin PBXGroup section */
		635748792C397F7200CA304F = {
			isa = PBXGroup;
			children = (
				635748842C397F7200CA304F /* StudySwiftDemo */,
				635748832C397F7200CA304F /* Products */,
				63AD89E12C4288F4005E9CF9 /* Frameworks */,
			);
			sourceTree = "<group>";
		};
		635748832C397F7200CA304F /* Products */ = {
			isa = PBXGroup;
			children = (
				635748822C397F7200CA304F /* StudySwiftDemo.app */,
			);
			name = Products;
			sourceTree = "<group>";
		};
		635748842C397F7200CA304F /* StudySwiftDemo */ = {
			isa = PBXGroup;
			children = (
				63AD89D52C427C80005E9CF9 /* Third */,
				6357489C2C397F7200CA304F /* Classes */,
				635748852C397F7200CA304F /* AppDelegate.swift */,
				635748872C397F7200CA304F /* SceneDelegate.swift */,
				635748892C397F7200CA304F /* ViewController.swift */,
				635748912C397F7200CA304F /* Assets.xcassets */,
				635748962C397F7200CA304F /* Info.plist */,
				6357488E2C397F7200CA304F /* StudySwiftDemo.xcdatamodeld */,
			);
			path = StudySwiftDemo;
			sourceTree = "<group>";
		};
		6357489C2C397F7200CA304F /* Classes */ = {
			isa = PBXGroup;
			children = (
				6357489D2C397F7200CA304F /* Login */,
			);
			path = Classes;
			sourceTree = "<group>";
		};
		6357489D2C397F7200CA304F /* Login */ = {
			isa = PBXGroup;
			children = (
				6357489E2C397F7200CA304F /* Controller */,
			);
			path = Login;
			sourceTree = "<group>";
		};
		6357489E2C397F7200CA304F /* Controller */ = {
			isa = PBXGroup;
			children = (
				635748A12C397F7200CA304F /* LoginViewController.swift */,
				635748A22C397F7200CA304F /* LoginViewController.xib */,
			);
			path = Controller;
			sourceTree = "<group>";
		};
		63AD89D52C427C80005E9CF9 /* Third */ = {
			isa = PBXGroup;
			children = (
				63AD89D82C4288D5005E9CF9 /* SnapKit.xcodeproj */,
			);
			path = Third;
			sourceTree = "<group>";
		};
		63AD89D92C4288D5005E9CF9 /* Products */ = {
			isa = PBXGroup;
			children = (
				63AD89DE2C4288D5005E9CF9 /* SnapKit.framework */,
				63AD89E02C4288D5005E9CF9 /* SnapKit Tests.xctest */,
			);
			name = Products;
			sourceTree = "<group>";
		};
		63AD89E12C4288F4005E9CF9 /* Frameworks */ = {
			isa = PBXGroup;
			children = (
			);
			name = Frameworks;
			sourceTree = "<group>";
		};
/* End PBXGroup section */

/* Begin PBXNativeTarget section */
		635748812C397F7200CA304F /* StudySwiftDemo */ = {
			isa = PBXNativeTarget;
			buildConfigurationList = 635748992C397F7200CA304F /* Build configuration list for PBXNativeTarget "StudySwiftDemo" */;
			buildPhases = (
				6357487E2C397F7200CA304F /* Sources */,
				6357487F2C397F7200CA304F /* Frameworks */,
				635748802C397F7200CA304F /* Resources */,
			);
			buildRules = (
			);
			dependencies = (
			);
			name = StudySwiftDemo;
			productName = StudySwiftDemo;
			productReference = 635748822C397F7200CA304F /* StudySwiftDemo.app */;
			productType = "com.apple.product-type.application";
		};
/* End PBXNativeTarget section */

/* Begin PBXProject section */
		6357487A2C397F7200CA304F /* Project object */ = {
			isa = PBXProject;
			attributes = {
				BuildIndependentTargetsInParallel = 1;
				LastSwiftUpdateCheck = 1420;
				LastUpgradeCheck = 1420;
				TargetAttributes = {
					635748812C397F7200CA304F = {
						CreatedOnToolsVersion = 14.2;
					};
				};
			};
			buildConfigurationList = 6357487D2C397F7200CA304F /* Build configuration list for PBXProject "StudySwiftDemo" */;
			compatibilityVersion = "Xcode 14.0";
			developmentRegion = en;
			hasScannedForEncodings = 0;
			knownRegions = (
				en,
				Base,
			);
			mainGroup = 635748792C397F7200CA304F;
			productRefGroup = 635748832C397F7200CA304F /* Products */;
			projectDirPath = "";
			projectReferences = (
				{
					ProductGroup = 63AD89D92C4288D5005E9CF9 /* Products */;
					ProjectRef = 63AD89D82C4288D5005E9CF9 /* SnapKit.xcodeproj */;
				},
			);
			projectRoot = "";
			targets = (
				635748812C397F7200CA304F /* StudySwiftDemo */,
			);
		};
/* End PBXProject section */

/* Begin PBXReferenceProxy section */
		63AD89DE2C4288D5005E9CF9 /* SnapKit.framework */ = {
			isa = PBXReferenceProxy;
			fileType = wrapper.framework;
			path = SnapKit.framework;
			remoteRef = 63AD89DD2C4288D5005E9CF9 /* PBXContainerItemProxy */;
			sourceTree = BUILT_PRODUCTS_DIR;
		};
		63AD89E02C4288D5005E9CF9 /* SnapKit Tests.xctest */ = {
			isa = PBXReferenceProxy;
			fileType = wrapper.cfbundle;
			path = "SnapKit Tests.xctest";
			remoteRef = 63AD89DF2C4288D5005E9CF9 /* PBXContainerItemProxy */;
			sourceTree = BUILT_PRODUCTS_DIR;
		};
/* End PBXReferenceProxy section */

/* Begin PBXResourcesBuildPhase section */
		635748802C397F7200CA304F /* Resources */ = {
			isa = PBXResourcesBuildPhase;
			buildActionMask = 2147483647;
			files = (
				635748A42C397F7200CA304F /* LoginViewController.xib in Resources */,
				635748922C397F7200CA304F /* Assets.xcassets in Resources */,
			);
			runOnlyForDeploymentPostprocessing = 0;
		};
/* End PBXResourcesBuildPhase section */

/* Begin PBXSourcesBuildPhase section */
		6357487E2C397F7200CA304F /* Sources */ = {
			isa = PBXSourcesBuildPhase;
			buildActionMask = 2147483647;
			files = (
				6357488A2C397F7200CA304F /* ViewController.swift in Sources */,
				635748862C397F7200CA304F /* AppDelegate.swift in Sources */,
				635748902C397F7200CA304F /* StudySwiftDemo.xcdatamodeld in Sources */,
				635748A32C397F7200CA304F /* LoginViewController.swift in Sources */,
				635748882C397F7200CA304F /* SceneDelegate.swift in Sources */,
			);
			runOnlyForDeploymentPostprocessing = 0;
		};
/* End PBXSourcesBuildPhase section */

/* Begin XCBuildConfiguration section */
		635748972C397F7200CA304F /* Debug */ = {
			isa = XCBuildConfiguration;
			buildSettings = {
				ALWAYS_SEARCH_USER_PATHS = NO;
				CLANG_ANALYZER_NONNULL = YES;
				CLANG_ANALYZER_NUMBER_OBJECT_CONVERSION = YES_AGGRESSIVE;
				CLANG_CXX_LANGUAGE_STANDARD = "gnu++20";
				CLANG_ENABLE_MODULES = YES;
				CLANG_ENABLE_OBJC_ARC = YES;
				CLANG_ENABLE_OBJC_WEAK = YES;
				CLANG_WARN_BLOCK_CAPTURE_AUTORELEASING = YES;
				CLANG_WARN_BOOL_CONVERSION = YES;
				CLANG_WARN_COMMA = YES;
				CLANG_WARN_CONSTANT_CONVERSION = YES;
				CLANG_WARN_DEPRECATED_OBJC_IMPLEMENTATIONS = YES;
				CLANG_WARN_DIRECT_OBJC_ISA_USAGE = YES_ERROR;
				CLANG_WARN_DOCUMENTATION_COMMENTS = YES;
				CLANG_WARN_EMPTY_BODY = YES;
				CLANG_WARN_ENUM_CONVERSION = YES;
				CLANG_WARN_INFINITE_RECURSION = YES;
				CLANG_WARN_INT_CONVERSION = YES;
				CLANG_WARN_NON_LITERAL_NULL_CONVERSION = YES;
				CLANG_WARN_OBJC_IMPLICIT_RETAIN_SELF = YES;
				CLANG_WARN_OBJC_LITERAL_CONVERSION = YES;
				CLANG_WARN_OBJC_ROOT_CLASS = YES_ERROR;
				CLANG_WARN_QUOTED_INCLUDE_IN_FRAMEWORK_HEADER = YES;
				CLANG_WARN_RANGE_LOOP_ANALYSIS = YES;
				CLANG_WARN_STRICT_PROTOTYPES = YES;
				CLANG_WARN_SUSPICIOUS_MOVE = YES;
				CLANG_WARN_UNGUARDED_AVAILABILITY = YES_AGGRESSIVE;
				CLANG_WARN_UNREACHABLE_CODE = YES;
				CLANG_WARN__DUPLICATE_METHOD_MATCH = YES;
				COPY_PHASE_STRIP = NO;
				DEBUG_INFORMATION_FORMAT = dwarf;
				ENABLE_STRICT_OBJC_MSGSEND = YES;
				ENABLE_TESTABILITY = YES;
				GCC_C_LANGUAGE_STANDARD = gnu11;
				GCC_DYNAMIC_NO_PIC = NO;
				GCC_NO_COMMON_BLOCKS = YES;
				GCC_OPTIMIZATION_LEVEL = 0;
				GCC_PREPROCESSOR_DEFINITIONS = (
					"DEBUG=1",
					"$(inherited)",
				);
				GCC_WARN_64_TO_32_BIT_CONVERSION = YES;
				GCC_WARN_ABOUT_RETURN_TYPE = YES_ERROR;
				GCC_WARN_UNDECLARED_SELECTOR = YES;
				GCC_WARN_UNINITIALIZED_AUTOS = YES_AGGRESSIVE;
				GCC_WARN_UNUSED_FUNCTION = YES;
				GCC_WARN_UNUSED_VARIABLE = YES;
				IPHONEOS_DEPLOYMENT_TARGET = 16.2;
				MTL_ENABLE_DEBUG_INFO = INCLUDE_SOURCE;
				MTL_FAST_MATH = YES;
				ONLY_ACTIVE_ARCH = YES;
				SDKROOT = iphoneos;
				SWIFT_ACTIVE_COMPILATION_CONDITIONS = DEBUG;
				SWIFT_OPTIMIZATION_LEVEL = "-Onone";
			};
			name = Debug;
		};
		635748982C397F7200CA304F /* Release */ = {
			isa = XCBuildConfiguration;
			buildSettings = {
				ALWAYS_SEARCH_USER_PATHS = NO;
				CLANG_ANALYZER_NONNULL = YES;
				CLANG_ANALYZER_NUMBER_OBJECT_CONVERSION = YES_AGGRESSIVE;
				CLANG_CXX_LANGUAGE_STANDARD = "gnu++20";
				CLANG_ENABLE_MODULES = YES;
				CLANG_ENABLE_OBJC_ARC = YES;
				CLANG_ENABLE_OBJC_WEAK = YES;
				CLANG_WARN_BLOCK_CAPTURE_AUTORELEASING = YES;
				CLANG_WARN_BOOL_CONVERSION = YES;
				CLANG_WARN_COMMA = YES;
				CLANG_WARN_CONSTANT_CONVERSION = YES;
				CLANG_WARN_DEPRECATED_OBJC_IMPLEMENTATIONS = YES;
				CLANG_WARN_DIRECT_OBJC_ISA_USAGE = YES_ERROR;
				CLANG_WARN_DOCUMENTATION_COMMENTS = YES;
				CLANG_WARN_EMPTY_BODY = YES;
				CLANG_WARN_ENUM_CONVERSION = YES;
				CLANG_WARN_INFINITE_RECURSION = YES;
				CLANG_WARN_INT_CONVERSION = YES;
				CLANG_WARN_NON_LITERAL_NULL_CONVERSION = YES;
				CLANG_WARN_OBJC_IMPLICIT_RETAIN_SELF = YES;
				CLANG_WARN_OBJC_LITERAL_CONVERSION = YES;
				CLANG_WARN_OBJC_ROOT_CLASS = YES_ERROR;
				CLANG_WARN_QUOTED_INCLUDE_IN_FRAMEWORK_HEADER = YES;
				CLANG_WARN_RANGE_LOOP_ANALYSIS = YES;
				CLANG_WARN_STRICT_PROTOTYPES = YES;
				CLANG_WARN_SUSPICIOUS_MOVE = YES;
				CLANG_WARN_UNGUARDED_AVAILABILITY = YES_AGGRESSIVE;
				CLANG_WARN_UNREACHABLE_CODE = YES;
				CLANG_WARN__DUPLICATE_METHOD_MATCH = YES;
				COPY_PHASE_STRIP = NO;
				DEBUG_INFORMATION_FORMAT = "dwarf-with-dsym";
				ENABLE_NS_ASSERTIONS = NO;
				ENABLE_STRICT_OBJC_MSGSEND = YES;
				GCC_C_LANGUAGE_STANDARD = gnu11;
				GCC_NO_COMMON_BLOCKS = YES;
				GCC_WARN_64_TO_32_BIT_CONVERSION = YES;
				GCC_WARN_ABOUT_RETURN_TYPE = YES_ERROR;
				GCC_WARN_UNDECLARED_SELECTOR = YES;
				GCC_WARN_UNINITIALIZED_AUTOS = YES_AGGRESSIVE;
				GCC_WARN_UNUSED_FUNCTION = YES;
				GCC_WARN_UNUSED_VARIABLE = YES;
				IPHONEOS_DEPLOYMENT_TARGET = 16.2;
				MTL_ENABLE_DEBUG_INFO = NO;
				MTL_FAST_MATH = YES;
				SDKROOT = iphoneos;
				SWIFT_COMPILATION_MODE = wholemodule;
				SWIFT_OPTIMIZATION_LEVEL = "-O";
				VALIDATE_PRODUCT = YES;
			};
			name = Release;
		};
		6357489A2C397F7200CA304F /* Debug */ = {
			isa = XCBuildConfiguration;
			buildSettings = {
				ASSETCATALOG_COMPILER_APPICON_NAME = AppIcon;
				ASSETCATALOG_COMPILER_GLOBAL_ACCENT_COLOR_NAME = AccentColor;
				CODE_SIGN_STYLE = Automatic;
				CURRENT_PROJECT_VERSION = 1;
				DEVELOPMENT_TEAM = 3K2BNY5NYY;
				GENERATE_INFOPLIST_FILE = YES;
				INFOPLIST_FILE = StudySwiftDemo/Info.plist;
				INFOPLIST_KEY_UIApplicationSupportsIndirectInputEvents = YES;
				INFOPLIST_KEY_UILaunchStoryboardName = LoginViewController.xib;
				INFOPLIST_KEY_UIMainStoryboardFile = Main;
				INFOPLIST_KEY_UIStatusBarStyle = "";
				INFOPLIST_KEY_UISupportedInterfaceOrientations_iPad = "UIInterfaceOrientationPortrait UIInterfaceOrientationPortraitUpsideDown UIInterfaceOrientationLandscapeLeft UIInterfaceOrientationLandscapeRight";
				INFOPLIST_KEY_UISupportedInterfaceOrientations_iPhone = "UIInterfaceOrientationPortrait UIInterfaceOrientationLandscapeLeft UIInterfaceOrientationLandscapeRight";
				LD_RUNPATH_SEARCH_PATHS = (
					"$(inherited)",
					"@executable_path/Frameworks",
				);
				MARKETING_VERSION = 1.0;
				PRODUCT_BUNDLE_IDENTIFIER = com.huangcuiling.StudySwiftDemo;
				PRODUCT_NAME = "$(TARGET_NAME)";
				SWIFT_EMIT_LOC_STRINGS = YES;
				SWIFT_VERSION = 5.0;
				TARGETED_DEVICE_FAMILY = "1,2";
			};
			name = Debug;
		};
		6357489B2C397F7200CA304F /* Release */ = {
			isa = XCBuildConfiguration;
			buildSettings = {
				ASSETCATALOG_COMPILER_APPICON_NAME = AppIcon;
				ASSETCATALOG_COMPILER_GLOBAL_ACCENT_COLOR_NAME = AccentColor;
				CODE_SIGN_STYLE = Automatic;
				CURRENT_PROJECT_VERSION = 1;
				DEVELOPMENT_TEAM = 3K2BNY5NYY;
				GENERATE_INFOPLIST_FILE = YES;
				INFOPLIST_FILE = StudySwiftDemo/Info.plist;
				INFOPLIST_KEY_UIApplicationSupportsIndirectInputEvents = YES;
				INFOPLIST_KEY_UILaunchStoryboardName = LoginViewController.xib;
				INFOPLIST_KEY_UIMainStoryboardFile = Main;
				INFOPLIST_KEY_UIStatusBarStyle = "";
				INFOPLIST_KEY_UISupportedInterfaceOrientations_iPad = "UIInterfaceOrientationPortrait UIInterfaceOrientationPortraitUpsideDown UIInterfaceOrientationLandscapeLeft UIInterfaceOrientationLandscapeRight";
				INFOPLIST_KEY_UISupportedInterfaceOrientations_iPhone = "UIInterfaceOrientationPortrait UIInterfaceOrientationLandscapeLeft UIInterfaceOrientationLandscapeRight";
				LD_RUNPATH_SEARCH_PATHS = (
					"$(inherited)",
					"@executable_path/Frameworks",
				);
				MARKETING_VERSION = 1.0;
				PRODUCT_BUNDLE_IDENTIFIER = com.huangcuiling.StudySwiftDemo;
				PRODUCT_NAME = "$(TARGET_NAME)";
				SWIFT_EMIT_LOC_STRINGS = YES;
				SWIFT_VERSION = 5.0;
				TARGETED_DEVICE_FAMILY = "1,2";
			};
			name = Release;
		};
/* End XCBuildConfiguration section */

/* Begin XCConfigurationList section */
		6357487D2C397F7200CA304F /* Build configuration list for PBXProject "StudySwiftDemo" */ = {
			isa = XCConfigurationList;
			buildConfigurations = (
				635748972C397F7200CA304F /* Debug */,
				635748982C397F7200CA304F /* Release */,
			);
			defaultConfigurationIsVisible = 0;
			defaultConfigurationName = Release;
		};
		635748992C397F7200CA304F /* Build configuration list for PBXNativeTarget "StudySwiftDemo" */ = {
			isa = XCConfigurationList;
			buildConfigurations = (
				6357489A2C397F7200CA304F /* Debug */,
				6357489B2C397F7200CA304F /* Release */,
			);
			defaultConfigurationIsVisible = 0;
			defaultConfigurationName = Release;
		};
/* End XCConfigurationList section */

/* Begin XCVersionGroup section */
		6357488E2C397F7200CA304F /* StudySwiftDemo.xcdatamodeld */ = {
			isa = XCVersionGroup;
			children = (
				6357488F2C397F7200CA304F /* StudySwiftDemo.xcdatamodel */,
			);
			currentVersion = 6357488F2C397F7200CA304F /* StudySwiftDemo.xcdatamodel */;
			path = StudySwiftDemo.xcdatamodeld;
			sourceTree = "<group>";
			versionGroupType = wrapper.xcdatamodel;
		};
/* End XCVersionGroup section */
	};
	rootObject = 6357487A2C397F7200CA304F /* Project object */;
}
